
Microsoft Visual Studio Solution File, Format Version 12.00
# Visual Studio 15
VisualStudioVersion = 15.0.27729.1
MinimumVisualStudioVersion = 10.0.40219.1
Project("{9A19103F-16F7-4668-BE54-9A1E7A4F7556}") = "Codehaks.TagHelpers", "Codehaks.TagHelpers\Codehaks.TagHelpers.csproj", "{D9B92D87-9B1D-48C0-8765-C4C07D9B140F}"
EndProject
Project("{9A19103F-16F7-4668-BE54-9A1E7A4F7556}") = "Samples", "MyApp\MyApp\Samples.csproj", "{3DF8039B-D8DE-444F-8654-9A6CE906D42F}"
EndProject
Project("{2150E333-8FDC-42A3-9474-1A3956D46DE8}") = "docs", "docs", "{2A8349D1-A033-4E96-A68C-A7A053CB779C}"
	ProjectSection(SolutionItems) = preProject
		docs\samples.png = docs\samples.png
	EndProjectSection
EndProject
Global
	GlobalSection(SolutionConfigurationPlatforms) = preSolution
		Debug|Any CPU = Debug|Any CPU
		Release|Any CPU = Release|Any CPU
	EndGlobalSection
	GlobalSection(ProjectConfigurationPlatforms) = postSolution
		{D9B92D87-9B1D-48C0-8765-C4C07D9B140F}.Debug|Any CPU.ActiveCfg = Debug|Any CPU
		{D9B92D87-9B1D-48C0-8765-C4C07D9B140F}.Debug|Any CPU.Build.0 = Debug|Any CPU
		{D9B92D87-9B1D-48C0-8765-C4C07D9B140F}.Release|Any CPU.ActiveCfg = Release|Any CPU
		{D9B92D87-9B1D-48C0-8765-C4C07D9B140F}.Release|Any CPU.Build.0 = Release|Any CPU
		{3DF8039B-D8DE-444F-8654-9A6CE906D42F}.Debug|Any CPU.ActiveCfg = Debug|Any CPU
		{3DF8039B-D8DE-444F-8654-9A6CE906D42F}.Debug|Any CPU.Build.0 = Debug|Any CPU
		{3DF8039B-D8DE-444F-8654-9A6CE906D42F}.Release|Any CPU.ActiveCfg = Release|Any CPU
		{3DF8039B-D8DE-444F-8654-9A6CE906D42F}.Release|Any CPU.Build.0 = Release|Any CPU
	EndGlobalSection
	GlobalSection(SolutionProperties) = preSolution
		HideSolutionNode = FALSE
	EndGlobalSection
	GlobalSection(ExtensibilityGlobals) = postSolution
		SolutionGuid = {659C8FB7-F3F4-430B-A8CF-6F6BFA0D18D4}
	EndGlobalSection
EndGlobal
